
Microsoft Visual Studio Solution File, Format Version 12.00
# Visual Studio Version 17
VisualStudioVersion = 17.9.34902.65
MinimumVisualStudioVersion = 10.0.40219.1
Project("{FAE04EC0-301F-11D3-BF4B-00C04F79EFBC}") = "IS_Lab1_XML", "IS_Labs(.net5)\IS_Lab1_XML.csproj", "{E3E4A1AE-D5F2-418B-B0FD-E0810432A816}"
EndProject
Global
	GlobalSection(SolutionConfigurationPlatforms) = preSolution
		Debug|Any CPU = Debug|Any CPU
		Release|Any CPU = Release|Any CPU
	EndGlobalSection
	GlobalSection(ProjectConfigurationPlatforms) = postSolution
		{E3E4A1AE-D5F2-418B-B0FD-E0810432A816}.Debug|Any CPU.ActiveCfg = Debug|Any CPU
		{E3E4A1AE-D5F2-418B-B0FD-E0810432A816}.Debug|Any CPU.Build.0 = Debug|Any CPU
		{E3E4A1AE-D5F2-418B-B0FD-E0810432A816}.Release|Any CPU.ActiveCfg = Release|Any CPU
		{E3E4A1AE-D5F2-418B-B0FD-E0810432A816}.Release|Any CPU.Build.0 = Release|Any CPU
	EndGlobalSection
	GlobalSection(SolutionProperties) = preSolution
		HideSolutionNode = FALSE
	EndGlobalSection
	GlobalSection(ExtensibilityGlobals) = postSolution
		SolutionGuid = {6D6D695B-B640-4D7B-9EEA-AF14DBABCF65}
	EndGlobalSection
EndGlobal
